PODS:
  - Alamofire (5.4.4)
  - ReactiveSwift (6.7.0)

DEPENDENCIES:
  - Alamofire (~> 5.4.4)
  - ReactiveSwift (~> 6.1)

SPEC REPOS:
  trunk:
    - Alamofire
    - ReactiveSwift

SPEC CHECKSUMS:
  Alamofire: f3b09a368f1582ab751b3fff5460276e0d2cf5c9
  ReactiveSwift: 208201d6ecc9734196d147aa76bc1f24b1b821fe

PODFILE CHECKSUM: f97f646e6284b6346390fc5e8b3962cc0f2f7e43

COCOAPODS: 1.11.2
