// !$*UTF8*$!
{
	archiveVersion = 1;
	classes = {
	};
	objectVersion = 55;
	objects = {

/* Begin PBXBuildFile section */
		765BF0B827208024007720D9 /* Tests_iOS.swift in Sources */ = {isa = PBXBuildFile; fileRef = 765BF0B727208024007720D9 /* Tests_iOS.swift */; };
		765BF0BA27208024007720D9 /* Tests_iOSLaunchTests.swift in Sources */ = {isa = PBXBuildFile; fileRef = 765BF0B927208024007720D9 /* Tests_iOSLaunchTests.swift */; };
		765BF0C427208024007720D9 /* Tests_macOS.swift in Sources */ = {isa = PBXBuildFile; fileRef = 765BF0C327208024007720D9 /* Tests_macOS.swift */; };
		765BF0C627208024007720D9 /* Tests_macOSLaunchTests.swift in Sources */ = {isa = PBXBuildFile; fileRef = 765BF0C527208024007720D9 /* Tests_macOSLaunchTests.swift */; };
		765BF0C727208024007720D9 /* First_ProjectApp.swift in Sources */ = {isa = PBXBuildFile; fileRef = 765BF09F27208023007720D9 /* First_ProjectApp.swift */; };
		765BF0C827208024007720D9 /* First_ProjectApp.swift in Sources */ = {isa = PBXBuildFile; fileRef = 765BF09F27208023007720D9 /* First_ProjectApp.swift */; };
		765BF0C927208024007720D9 /* ContentView.swift in Sources */ = {isa = PBXBuildFile; fileRef = 765BF0A027208023007720D9 /* ContentView.swift */; };
		765BF0CA27208024007720D9 /* ContentView.swift in Sources */ = {isa = PBXBuildFile; fileRef = 765BF0A027208023007720D9 /* ContentView.swift */; };
		765BF0CB27208024007720D9 /* Assets.xcassets in Resources */ = {isa = PBXBuildFile; fileRef = 765BF0A127208024007720D9 /* Assets.xcassets */; };
		765BF0CC27208024007720D9 /* Assets.xcassets in Resources */ = {isa = PBXBuildFile; fileRef = 765BF0A127208024007720D9 /* Assets.xcassets */; };
		FBC1320ECA54180408583ADA /* Pods_First_Project__iOS_.framework in Frameworks */ = {isa = PBXBuildFile; fileRef = AD7D22E532EF60D54F92303B /* Pods_First_Project__iOS_.framework */; };
/* End PBXBuildFile section */

/* Begin PBXContainerItemProxy section */
		765BF0B427208024007720D9 /* PBXContainerItemProxy */ = {
			isa = PBXContainerItemProxy;
			containerPortal = 765BF09A27208023007720D9 /* Project object */;
			proxyType = 1;
			remoteGlobalIDString = 765BF0A527208024007720D9;
			remoteInfo = "First Project (iOS)";
		};
		765BF0C027208024007720D9 /* PBXContainerItemProxy */ = {
			isa = PBXContainerItemProxy;
			containerPortal = 765BF09A27208023007720D9 /* Project object */;
			proxyType = 1;
			remoteGlobalIDString = 765BF0AB27208024007720D9;
			remoteInfo = "First Project (macOS)";
		};
/* End PBXContainerItemProxy section */

/* Begin PBXFileReference section */
		724A516448521520F09A63C1 /* Pods-First Project (iOS).debug.xcconfig */ = {isa = PBXFileReference; includeInIndex = 1; lastKnownFileType = text.xcconfig; name = "Pods-First Project (iOS).debug.xcconfig"; path = "Target Support Files/Pods-First Project (iOS)/Pods-First Project (iOS).debug.xcconfig"; sourceTree = "<group>"; };
		765BF09F27208023007720D9 /* First_ProjectApp.swift */ = {isa = PBXFileReference; lastKnownFileType = sourcecode.swift; path = First_ProjectApp.swift; sourceTree = "<group>"; };
		765BF0A027208023007720D9 /* ContentView.swift */ = {isa = PBXFileReference; lastKnownFileType = sourcecode.swift; path = ContentView.swift; sourceTree = "<group>"; };
		765BF0A127208024007720D9 /* Assets.xcassets */ = {isa = PBXFileReference; lastKnownFileType = folder.assetcatalog; path = Assets.xcassets; sourceTree = "<group>"; };
		765BF0A627208024007720D9 /* First Project.app */ = {isa = PBXFileReference; explicitFileType = wrapper.application; includeInIndex = 0; path = "First Project.app"; sourceTree = BUILT_PRODUCTS_DIR; };
		765BF0AC27208024007720D9 /* First Project.app */ = {isa = PBXFileReference; explicitFileType = wrapper.application; includeInIndex = 0; path = "First Project.app"; sourceTree = BUILT_PRODUCTS_DIR; };
		765BF0AE27208024007720D9 /* macOS.entitlements */ = {isa = PBXFileReference; lastKnownFileType = text.plist.entitlements; path = macOS.entitlements; sourceTree = "<group>"; };
		765BF0B327208024007720D9 /* Tests iOS.xctest */ = {isa = PBXFileReference; explicitFileType = wrapper.cfbundle; includeInIndex = 0; path = "Tests iOS.xctest"; sourceTree = BUILT_PRODUCTS_DIR; };
		765BF0B727208024007720D9 /* Tests_iOS.swift */ = {isa = PBXFileReference; lastKnownFileType = sourcecode.swift; path = Tests_iOS.swift; sourceTree = "<group>"; };
		765BF0B927208024007720D9 /* Tests_iOSLaunchTests.swift */ = {isa = PBXFileReference; lastKnownFileType = sourcecode.swift; path = Tests_iOSLaunchTests.swift; sourceTree = "<group>"; };
		765BF0BF27208024007720D9 /* Tests macOS.xctest */ = {isa = PBXFileReference; explicitFileType = wrapper.cfbundle; includeInIndex = 0; path = "Tests macOS.xctest"; sourceTree = BUILT_PRODUCTS_DIR; };
		765BF0C327208024007720D9 /* Tests_macOS.swift */ = {isa = PBXFileReference; lastKnownFileType = sourcecode.swift; path = Tests_macOS.swift; sourceTree = "<group>"; };
		765BF0C527208024007720D9 /* Tests_macOSLaunchTests.swift */ = {isa = PBXFileReference; lastKnownFileType = sourcecode.swift; path = Tests_macOSLaunchTests.swift; sourceTree = "<group>"; };
		AD7D22E532EF60D54F92303B /* Pods_First_Project__iOS_.framework */ = {isa = PBXFileReference; explicitFileType = wrapper.framework; includeInIndex = 0; path = Pods_First_Project__iOS_.framework; sourceTree = BUILT_PRODUCTS_DIR; };
		B287FB93D930077458657C50 /* Pods-First Project (iOS).release.xcconfig */ = {isa = PBXFileReference; includeInIndex = 1; lastKnownFileType = text.xcconfig; name = "Pods-First Project (iOS).release.xcconfig"; path = "Target Support Files/Pods-First Project (iOS)/Pods-First Project (iOS).release.xcconfig"; sourceTree = "<group>"; };
/* End PBXFileReference section */

/* Begin PBXFrameworksBuildPhase section */
		765BF0A327208024007720D9 /* Frameworks */ = {
			isa = PBXFrameworksBuildPhase;
			buildActionMask = 2147483647;
			files = (
				FBC1320ECA54180408583ADA /* Pods_First_Project__iOS_.framework in Frameworks */,
			);
			runOnlyForDeploymentPostprocessing = 0;
		};
		765BF0A927208024007720D9 /* Frameworks */ = {
			isa = PBXFrameworksBuildPhase;
			buildActionMask = 2147483647;
			files = (
			);
			runOnlyForDeploymentPostprocessing = 0;
		};
		765BF0B027208024007720D9 /* Frameworks */ = {
			isa = PBXFrameworksBuildPhase;
			buildActionMask = 2147483647;
			files = (
			);
			runOnlyForDeploymentPostprocessing = 0;
		};
		765BF0BC27208024007720D9 /* Frameworks */ = {
			isa = PBXFrameworksBuildPhase;
			buildActionMask = 2147483647;
			files = (
			);
			runOnlyForDeploymentPostprocessing = 0;
		};
/* End PBXFrameworksBuildPhase section */

/* Begin PBXGroup section */
		14F91D539E52229E002C46A9 /* Pods */ = {
			isa = PBXGroup;
			children = (
				724A516448521520F09A63C1 /* Pods-First Project (iOS).debug.xcconfig */,
				B287FB93D930077458657C50 /* Pods-First Project (iOS).release.xcconfig */,
			);
			path = Pods;
			sourceTree = "<group>";
		};
		3A30B3320B900B128BD3DB0F /* Frameworks */ = {
			isa = PBXGroup;
			children = (
				AD7D22E532EF60D54F92303B /* Pods_First_Project__iOS_.framework */,
			);
			name = Frameworks;
			sourceTree = "<group>";
		};
		765BF09927208023007720D9 = {
			isa = PBXGroup;
			children = (
				765BF09E27208023007720D9 /* Shared */,
				765BF0AD27208024007720D9 /* macOS */,
				765BF0B627208024007720D9 /* Tests iOS */,
				765BF0C227208024007720D9 /* Tests macOS */,
				765BF0A727208024007720D9 /* Products */,
				14F91D539E52229E002C46A9 /* Pods */,
				3A30B3320B900B128BD3DB0F /* Frameworks */,
			);
			sourceTree = "<group>";
		};
		765BF09E27208023007720D9 /* Shared */ = {
			isa = PBXGroup;
			children = (
				765BF09F27208023007720D9 /* First_ProjectApp.swift */,
				765BF0A027208023007720D9 /* ContentView.swift */,
				765BF0A127208024007720D9 /* Assets.xcassets */,
			);
			path = Shared;
			sourceTree = "<group>";
		};
		765BF0A727208024007720D9 /* Products */ = {
			isa = PBXGroup;
			children = (
				765BF0A627208024007720D9 /* First Project.app */,
				765BF0AC27208024007720D9 /* First Project.app */,
				765BF0B327208024007720D9 /* Tests iOS.xctest */,
				765BF0BF27208024007720D9 /* Tests macOS.xctest */,
			);
			name = Products;
			sourceTree = "<group>";
		};
		765BF0AD27208024007720D9 /* macOS */ = {
			isa = PBXGroup;
			children = (
				765BF0AE27208024007720D9 /* macOS.entitlements */,
			);
			path = macOS;
			sourceTree = "<group>";
		};
		765BF0B627208024007720D9 /* Tests iOS */ = {
			isa = PBXGroup;
			children = (
				765BF0B727208024007720D9 /* Tests_iOS.swift */,
				765BF0B927208024007720D9 /* Tests_iOSLaunchTests.swift */,
			);
			path = "Tests iOS";
			sourceTree = "<group>";
		};
		765BF0C227208024007720D9 /* Tests macOS */ = {
			isa = PBXGroup;
			children = (
				765BF0C327208024007720D9 /* Tests_macOS.swift */,
				765BF0C527208024007720D9 /* Tests_macOSLaunchTests.swift */,
			);
			path = "Tests macOS";
			sourceTree = "<group>";
		};
/* End PBXGroup section */

/* Begin PBXNativeTarget section */
		765BF0A527208024007720D9 /* First Project (iOS) */ = {
			isa = PBXNativeTarget;
			buildConfigurationList = 765BF0CF27208024007720D9 /* Build configuration list for PBXNativeTarget "First Project (iOS)" */;
			buildPhases = (
				0D247B5C1469E8C7EAE98027 /* [CP] Check Pods Manifest.lock */,
				765BF0A227208024007720D9 /* Sources */,
				765BF0A327208024007720D9 /* Frameworks */,
				765BF0A427208024007720D9 /* Resources */,
				82E01C2F9E8D5B54044A2588 /* [CP] Embed Pods Frameworks */,
			);
			buildRules = (
			);
			dependencies = (
			);
			name = "First Project (iOS)";
			productName = "First Project (iOS)";
			productReference = 765BF0A627208024007720D9 /* First Project.app */;
			productType = "com.apple.product-type.application";
		};
		765BF0AB27208024007720D9 /* First Project (macOS) */ = {
			isa = PBXNativeTarget;
			buildConfigurationList = 765BF0D227208024007720D9 /* Build configuration list for PBXNativeTarget "First Project (macOS)" */;
			buildPhases = (
				765BF0A827208024007720D9 /* Sources */,
				765BF0A927208024007720D9 /* Frameworks */,
				765BF0AA27208024007720D9 /* Resources */,
			);
			buildRules = (
			);
			dependencies = (
			);
			name = "First Project (macOS)";
			productName = "First Project (macOS)";
			productReference = 765BF0AC27208024007720D9 /* First Project.app */;
			productType = "com.apple.product-type.application";
		};
		765BF0B227208024007720D9 /* Tests iOS */ = {
			isa = PBXNativeTarget;
			buildConfigurationList = 765BF0D527208024007720D9 /* Build configuration list for PBXNativeTarget "Tests iOS" */;
			buildPhases = (
				765BF0AF27208024007720D9 /* Sources */,
				765BF0B027208024007720D9 /* Frameworks */,
				765BF0B127208024007720D9 /* Resources */,
			);
			buildRules = (
			);
			dependencies = (
				765BF0B527208024007720D9 /* PBXTargetDependency */,
			);
			name = "Tests iOS";
			productName = "Tests iOS";
			productReference = 765BF0B327208024007720D9 /* Tests iOS.xctest */;
			productType = "com.apple.product-type.bundle.ui-testing";
		};
		765BF0BE27208024007720D9 /* Tests macOS */ = {
			isa = PBXNativeTarget;
			buildConfigurationList = 765BF0D827208024007720D9 /* Build configuration list for PBXNativeTarget "Tests macOS" */;
			buildPhases = (
				765BF0BB27208024007720D9 /* Sources */,
				765BF0BC27208024007720D9 /* Frameworks */,
				765BF0BD27208024007720D9 /* Resources */,
			);
			buildRules = (
			);
			dependencies = (
				765BF0C127208024007720D9 /* PBXTargetDependency */,
			);
			name = "Tests macOS";
			productName = "Tests macOS";
			productReference = 765BF0BF27208024007720D9 /* Tests macOS.xctest */;
			productType = "com.apple.product-type.bundle.ui-testing";
		};
/* End PBXNativeTarget section */

/* Begin PBXProject section */
		765BF09A27208023007720D9 /* Project object */ = {
			isa = PBXProject;
			attributes = {
				BuildIndependentTargetsInParallel = 1;
				LastSwiftUpdateCheck = 1300;
				LastUpgradeCheck = 1300;
				TargetAttributes = {
					765BF0A527208024007720D9 = {
						CreatedOnToolsVersion = 13.0;
					};
					765BF0AB27208024007720D9 = {
						CreatedOnToolsVersion = 13.0;
					};
					765BF0B227208024007720D9 = {
						CreatedOnToolsVersion = 13.0;
						TestTargetID = 765BF0A527208024007720D9;
					};
					765BF0BE27208024007720D9 = {
						CreatedOnToolsVersion = 13.0;
						TestTargetID = 765BF0AB27208024007720D9;
					};
				};
			};
			buildConfigurationList = 765BF09D27208023007720D9 /* Build configuration list for PBXProject "First Project" */;
			compatibilityVersion = "Xcode 13.0";
			developmentRegion = en;
			hasScannedForEncodings = 0;
			knownRegions = (
				en,
				Base,
			);
			mainGroup = 765BF09927208023007720D9;
			productRefGroup = 765BF0A727208024007720D9 /* Products */;
			projectDirPath = "";
			projectRoot = "";
			targets = (
				765BF0A527208024007720D9 /* First Project (iOS) */,
				765BF0AB27208024007720D9 /* First Project (macOS) */,
				765BF0B227208024007720D9 /* Tests iOS */,
				765BF0BE27208024007720D9 /* Tests macOS */,
			);
		};
/* End PBXProject section */

/* Begin PBXResourcesBuildPhase section */
		765BF0A427208024007720D9 /* Resources */ = {
			isa = PBXResourcesBuildPhase;
			buildActionMask = 2147483647;
			files = (
				765BF0CB27208024007720D9 /* Assets.xcassets in Resources */,
			);
			runOnlyForDeploymentPostprocessing = 0;
		};
		765BF0AA27208024007720D9 /* Resources */ = {
			isa = PBXResourcesBuildPhase;
			buildActionMask = 2147483647;
			files = (
				765BF0CC27208024007720D9 /* Assets.xcassets in Resources */,
			);
			runOnlyForDeploymentPostprocessing = 0;
		};
		765BF0B127208024007720D9 /* Resources */ = {
			isa = PBXResourcesBuildPhase;
			buildActionMask = 2147483647;
			files = (
			);
			runOnlyForDeploymentPostprocessing = 0;
		};
		765BF0BD27208024007720D9 /* Resources */ = {
			isa = PBXResourcesBuildPhase;
			buildActionMask = 2147483647;
			files = (
			);
			runOnlyForDeploymentPostprocessing = 0;
		};
/* End PBXResourcesBuildPhase section */

/* Begin PBXShellScriptBuildPhase section */
		0D247B5C1469E8C7EAE98027 /* [CP] Check Pods Manifest.lock */ = {
			isa = PBXShellScriptBuildPhase;
			buildActionMask = 2147483647;
			files = (
			);
			inputFileListPaths = (
			);
			inputPaths = (
				"${PODS_PODFILE_DIR_PATH}/Podfile.lock",
				"${PODS_ROOT}/Manifest.lock",
			);
			name = "[CP] Check Pods Manifest.lock";
			outputFileListPaths = (
			);
			outputPaths = (
				"$(DERIVED_FILE_DIR)/Pods-First Project (iOS)-checkManifestLockResult.txt",
			);
			runOnlyForDeploymentPostprocessing = 0;
			shellPath = /bin/sh;
			shellScript = "diff \"${PODS_PODFILE_DIR_PATH}/Podfile.lock\" \"${PODS_ROOT}/Manifest.lock\" > /dev/null\nif [ $? != 0 ] ; then\n    # print error to STDERR\n    echo \"error: The sandbox is not in sync with the Podfile.lock. Run 'pod install' or update your CocoaPods installation.\" >&2\n    exit 1\nfi\n# This output is used by Xcode 'outputs' to avoid re-running this script phase.\necho \"SUCCESS\" > \"${SCRIPT_OUTPUT_FILE_0}\"\n";
			showEnvVarsInLog = 0;
		};
		82E01C2F9E8D5B54044A2588 /* [CP] Embed Pods Frameworks */ = {
			isa = PBXShellScriptBuildPhase;
			buildActionMask = 2147483647;
			files = (
			);
			inputFileListPaths = (
				"${PODS_ROOT}/Target Support Files/Pods-First Project (iOS)/Pods-First Project (iOS)-frameworks-${CONFIGURATION}-input-files.xcfilelist",
			);
			name = "[CP] Embed Pods Frameworks";
			outputFileListPaths = (
				"${PODS_ROOT}/Target Support Files/Pods-First Project (iOS)/Pods-First Project (iOS)-frameworks-${CONFIGURATION}-output-files.xcfilelist",
			);
			runOnlyForDeploymentPostprocessing = 0;
			shellPath = /bin/sh;
			shellScript = "\"${PODS_ROOT}/Target Support Files/Pods-First Project (iOS)/Pods-First Project (iOS)-frameworks.sh\"\n";
			showEnvVarsInLog = 0;
		};
/* End PBXShellScriptBuildPhase section */

/* Begin PBXSourcesBuildPhase section */
		765BF0A227208024007720D9 /* Sources */ = {
			isa = PBXSourcesBuildPhase;
			buildActionMask = 2147483647;
			files = (
				765BF0C927208024007720D9 /* ContentView.swift in Sources */,
				765BF0C727208024007720D9 /* First_ProjectApp.swift in Sources */,
			);
			runOnlyForDeploymentPostprocessing = 0;
		};
		765BF0A827208024007720D9 /* Sources */ = {
			isa = PBXSourcesBuildPhase;
			buildActionMask = 2147483647;
			files = (
				765BF0CA27208024007720D9 /* ContentView.swift in Sources */,
				765BF0C827208024007720D9 /* First_ProjectApp.swift in Sources */,
			);
			runOnlyForDeploymentPostprocessing = 0;
		};
		765BF0AF27208024007720D9 /* Sources */ = {
			isa = PBXSourcesBuildPhase;
			buildActionMask = 2147483647;
			files = (
				765BF0BA27208024007720D9 /* Tests_iOSLaunchTests.swift in Sources */,
				765BF0B827208024007720D9 /* Tests_iOS.swift in Sources */,
			);
			runOnlyForDeploymentPostprocessing = 0;
		};
		765BF0BB27208024007720D9 /* Sources */ = {
			isa = PBXSourcesBuildPhase;
			buildActionMask = 2147483647;
			files = (
				765BF0C627208024007720D9 /* Tests_macOSLaunchTests.swift in Sources */,
				765BF0C427208024007720D9 /* Tests_macOS.swift in Sources */,
			);
			runOnlyForDeploymentPostprocessing = 0;
		};
/* End PBXSourcesBuildPhase section */

/* Begin PBXTargetDependency section */
		765BF0B527208024007720D9 /* PBXTargetDependency */ = {
			isa = PBXTargetDependency;
			target = 765BF0A527208024007720D9 /* First Project (iOS) */;
			targetProxy = 765BF0B427208024007720D9 /* PBXContainerItemProxy */;
		};
		765BF0C127208024007720D9 /* PBXTargetDependency */ = {
			isa = PBXTargetDependency;
			target = 765BF0AB27208024007720D9 /* First Project (macOS) */;
			targetProxy = 765BF0C027208024007720D9 /* PBXContainerItemProxy */;
		};
/* End PBXTargetDependency section */

/* Begin XCBuildConfiguration section */
		765BF0CD27208024007720D9 /* Debug */ = {
			isa = XCBuildConfiguration;
			buildSettings = {
				ALWAYS_SEARCH_USER_PATHS = NO;
				CLANG_ANALYZER_NONNULL = YES;
				CLANG_ANALYZER_NUMBER_OBJECT_CONVERSION = YES_AGGRESSIVE;
				CLANG_CXX_LANGUAGE_STANDARD = "gnu++17";
				CLANG_CXX_LIBRARY = "libc++";
				CLANG_ENABLE_MODULES = YES;
				CLANG_ENABLE_OBJC_ARC = YES;
				CLANG_ENABLE_OBJC_WEAK = YES;
				CLANG_WARN_BLOCK_CAPTURE_AUTORELEASING = YES;
				CLANG_WARN_BOOL_CONVERSION = YES;
				CLANG_WARN_COMMA = YES;
				CLANG_WARN_CONSTANT_CONVERSION = YES;
				CLANG_WARN_DEPRECATED_OBJC_IMPLEMENTATIONS = YES;
				CLANG_WARN_DIRECT_OBJC_ISA_USAGE = YES_ERROR;
				CLANG_WARN_DOCUMENTATION_COMMENTS = YES;
				CLANG_WARN_EMPTY_BODY = YES;
				CLANG_WARN_ENUM_CONVERSION = YES;
				CLANG_WARN_INFINITE_RECURSION = YES;
				CLANG_WARN_INT_CONVERSION = YES;
				CLANG_WARN_NON_LITERAL_NULL_CONVERSION = YES;
				CLANG_WARN_OBJC_IMPLICIT_RETAIN_SELF = YES;
				CLANG_WARN_OBJC_LITERAL_CONVERSION = YES;
				CLANG_WARN_OBJC_ROOT_CLASS = YES_ERROR;
				CLANG_WARN_QUOTED_INCLUDE_IN_FRAMEWORK_HEADER = YES;
				CLANG_WARN_RANGE_LOOP_ANALYSIS = YES;
				CLANG_WARN_STRICT_PROTOTYPES = YES;
				CLANG_WARN_SUSPICIOUS_MOVE = YES;
				CLANG_WARN_UNGUARDED_AVAILABILITY = YES_AGGRESSIVE;
				CLANG_WARN_UNREACHABLE_CODE = YES;
				CLANG_WARN__DUPLICATE_METHOD_MATCH = YES;
				COPY_PHASE_STRIP = NO;
				DEBUG_INFORMATION_FORMAT = dwarf;
				ENABLE_STRICT_OBJC_MSGSEND = YES;
				ENABLE_TESTABILITY = YES;
				GCC_C_LANGUAGE_STANDARD = gnu11;
				GCC_DYNAMIC_NO_PIC = NO;
				GCC_NO_COMMON_BLOCKS = YES;
				GCC_OPTIMIZATION_LEVEL = 0;
				GCC_PREPROCESSOR_DEFINITIONS = (
					"DEBUG=1",
					"$(inherited)",
				);
				GCC_WARN_64_TO_32_BIT_CONVERSION = YES;
				GCC_WARN_ABOUT_RETURN_TYPE = YES_ERROR;
				GCC_WARN_UNDECLARED_SELECTOR = YES;
				GCC_WARN_UNINITIALIZED_AUTOS = YES_AGGRESSIVE;
				GCC_WARN_UNUSED_FUNCTION = YES;
				GCC_WARN_UNUSED_VARIABLE = YES;
				MTL_ENABLE_DEBUG_INFO = INCLUDE_SOURCE;
				MTL_FAST_MATH = YES;
				ONLY_ACTIVE_ARCH = YES;
				SWIFT_ACTIVE_COMPILATION_CONDITIONS = DEBUG;
				SWIFT_OPTIMIZATION_LEVEL = "-Onone";
			};
			name = Debug;
		};
		765BF0CE27208024007720D9 /* Release */ = {
			isa = XCBuildConfiguration;
			buildSettings = {
				ALWAYS_SEARCH_USER_PATHS = NO;
				CLANG_ANALYZER_NONNULL = YES;
				CLANG_ANALYZER_NUMBER_OBJECT_CONVERSION = YES_AGGRESSIVE;
				CLANG_CXX_LANGUAGE_STANDARD = "gnu++17";
				CLANG_CXX_LIBRARY = "libc++";
				CLANG_ENABLE_MODULES = YES;
				CLANG_ENABLE_OBJC_ARC = YES;
				CLANG_ENABLE_OBJC_WEAK = YES;
				CLANG_WARN_BLOCK_CAPTURE_AUTORELEASING = YES;
				CLANG_WARN_BOOL_CONVERSION = YES;
				CLANG_WARN_COMMA = YES;
				CLANG_WARN_CONSTANT_CONVERSION = YES;
				CLANG_WARN_DEPRECATED_OBJC_IMPLEMENTATIONS = YES;
				CLANG_WARN_DIRECT_OBJC_ISA_USAGE = YES_ERROR;
				CLANG_WARN_DOCUMENTATION_COMMENTS = YES;
				CLANG_WARN_EMPTY_BODY = YES;
				CLANG_WARN_ENUM_CONVERSION = YES;
				CLANG_WARN_INFINITE_RECURSION = YES;
				CLANG_WARN_INT_CONVERSION = YES;
				CLANG_WARN_NON_LITERAL_NULL_CONVERSION = YES;
				CLANG_WARN_OBJC_IMPLICIT_RETAIN_SELF = YES;
				CLANG_WARN_OBJC_LITERAL_CONVERSION = YES;
				CLANG_WARN_OBJC_ROOT_CLASS = YES_ERROR;
				CLANG_WARN_QUOTED_INCLUDE_IN_FRAMEWORK_HEADER = YES;
				CLANG_WARN_RANGE_LOOP_ANALYSIS = YES;
				CLANG_WARN_STRICT_PROTOTYPES = YES;
				CLANG_WARN_SUSPICIOUS_MOVE = YES;
				CLANG_WARN_UNGUARDED_AVAILABILITY = YES_AGGRESSIVE;
				CLANG_WARN_UNREACHABLE_CODE = YES;
				CLANG_WARN__DUPLICATE_METHOD_MATCH = YES;
				COPY_PHASE_STRIP = NO;
				DEBUG_INFORMATION_FORMAT = "dwarf-with-dsym";
				ENABLE_NS_ASSERTIONS = NO;
				ENABLE_STRICT_OBJC_MSGSEND = YES;
				GCC_C_LANGUAGE_STANDARD = gnu11;
				GCC_NO_COMMON_BLOCKS = YES;
				GCC_WARN_64_TO_32_BIT_CONVERSION = YES;
				GCC_WARN_ABOUT_RETURN_TYPE = YES_ERROR;
				GCC_WARN_UNDECLARED_SELECTOR = YES;
				GCC_WARN_UNINITIALIZED_AUTOS = YES_AGGRESSIVE;
				GCC_WARN_UNUSED_FUNCTION = YES;
				GCC_WARN_UNUSED_VARIABLE = YES;
				MTL_ENABLE_DEBUG_INFO = NO;
				MTL_FAST_MATH = YES;
				SWIFT_COMPILATION_MODE = wholemodule;
				SWIFT_OPTIMIZATION_LEVEL = "-O";
			};
			name = Release;
		};
		765BF0D027208024007720D9 /* Debug */ = {
			isa = XCBuildConfiguration;
			baseConfigurationReference = 724A516448521520F09A63C1 /* Pods-First Project (iOS).debug.xcconfig */;
			buildSettings = {
				ASSETCATALOG_COMPILER_APPICON_NAME = AppIcon;
				ASSETCATALOG_COMPILER_GLOBAL_ACCENT_COLOR_NAME = AccentColor;
				CODE_SIGN_STYLE = Automatic;
				CURRENT_PROJECT_VERSION = 1;
				DEVELOPMENT_TEAM = HVGWYGL436;
				ENABLE_PREVIEWS = YES;
				GENERATE_INFOPLIST_FILE = YES;
				INFOPLIST_KEY_UIApplicationSceneManifest_Generation = YES;
				INFOPLIST_KEY_UIApplicationSupportsIndirectInputEvents = YES;
				INFOPLIST_KEY_UILaunchScreen_Generation = YES;
				INFOPLIST_KEY_UISupportedInterfaceOrientations_iPad = "UIInterfaceOrientationPortrait UIInterfaceOrientationPortraitUpsideDown UIInterfaceOrientationLandscapeLeft UIInterfaceOrientationLandscapeRight";
				INFOPLIST_KEY_UISupportedInterfaceOrientations_iPhone = "UIInterfaceOrientationPortrait UIInterfaceOrientationLandscapeLeft UIInterfaceOrientationLandscapeRight";
				IPHONEOS_DEPLOYMENT_TARGET = 14.0;
				LD_RUNPATH_SEARCH_PATHS = (
					"$(inherited)",
					"@executable_path/Frameworks",
				);
				MARKETING_VERSION = 1.0;
				PRODUCT_BUNDLE_IDENTIFIER = "self.org.First-Project";
				PRODUCT_NAME = "First Project";
				SDKROOT = iphoneos;
				SWIFT_EMIT_LOC_STRINGS = YES;
				SWIFT_VERSION = 5.0;
				TARGETED_DEVICE_FAMILY = "1,2";
			};
			name = Debug;
		};
		765BF0D127208024007720D9 /* Release */ = {
			isa = XCBuildConfiguration;
			baseConfigurationReference = B287FB93D930077458657C50 /* Pods-First Project (iOS).release.xcconfig */;
			buildSettings = {
				ASSETCATALOG_COMPILER_APPICON_NAME = AppIcon;
				ASSETCATALOG_COMPILER_GLOBAL_ACCENT_COLOR_NAME = AccentColor;
				CODE_SIGN_STYLE = Automatic;
				CURRENT_PROJECT_VERSION = 1;
				DEVELOPMENT_TEAM = HVGWYGL436;
				ENABLE_PREVIEWS = YES;
				GENERATE_INFOPLIST_FILE = YES;
				INFOPLIST_KEY_UIApplicationSceneManifest_Generation = YES;
				INFOPLIST_KEY_UIApplicationSupportsIndirectInputEvents = YES;
				INFOPLIST_KEY_UILaunchScreen_Generation = YES;
				INFOPLIST_KEY_UISupportedInterfaceOrientations_iPad = "UIInterfaceOrientationPortrait UIInterfaceOrientationPortraitUpsideDown UIInterfaceOrientationLandscapeLeft UIInterfaceOrientationLandscapeRight";
				INFOPLIST_KEY_UISupportedInterfaceOrientations_iPhone = "UIInterfaceOrientationPortrait UIInterfaceOrientationLandscapeLeft UIInterfaceOrientationLandscapeRight";
				IPHONEOS_DEPLOYMENT_TARGET = 14.0;
				LD_RUNPATH_SEARCH_PATHS = (
					"$(inherited)",
					"@executable_path/Frameworks",
				);
				MARKETING_VERSION = 1.0;
				PRODUCT_BUNDLE_IDENTIFIER = "self.org.First-Project";
				PRODUCT_NAME = "First Project";
				SDKROOT = iphoneos;
				SWIFT_EMIT_LOC_STRINGS = YES;
				SWIFT_VERSION = 5.0;
				TARGETED_DEVICE_FAMILY = "1,2";
				VALIDATE_PRODUCT = YES;
			};
			name = Release;
		};
		765BF0D327208024007720D9 /* Debug */ = {
			isa = XCBuildConfiguration;
			buildSettings = {
				ASSETCATALOG_COMPILER_APPICON_NAME = AppIcon;
				ASSETCATALOG_COMPILER_GLOBAL_ACCENT_COLOR_NAME = AccentColor;
				CODE_SIGN_ENTITLEMENTS = macOS/macOS.entitlements;
				CODE_SIGN_STYLE = Automatic;
				COMBINE_HIDPI_IMAGES = YES;
				CURRENT_PROJECT_VERSION = 1;
				DEVELOPMENT_TEAM = HVGWYGL436;
				ENABLE_HARDENED_RUNTIME = YES;
				ENABLE_PREVIEWS = YES;
				GENERATE_INFOPLIST_FILE = YES;
				INFOPLIST_KEY_NSHumanReadableCopyright = "";
				LD_RUNPATH_SEARCH_PATHS = (
					"$(inherited)",
					"@executable_path/../Frameworks",
				);
				MACOSX_DEPLOYMENT_TARGET = 11.0;
				MARKETING_VERSION = 1.0;
				PRODUCT_BUNDLE_IDENTIFIER = "self.org.First-Project";
				PRODUCT_NAME = "First Project";
				SDKROOT = macosx;
				SWIFT_EMIT_LOC_STRINGS = YES;
				SWIFT_VERSION = 5.0;
			};
			name = Debug;
		};
		765BF0D427208024007720D9 /* Release */ = {
			isa = XCBuildConfiguration;
			buildSettings = {
				ASSETCATALOG_COMPILER_APPICON_NAME = AppIcon;
				ASSETCATALOG_COMPILER_GLOBAL_ACCENT_COLOR_NAME = AccentColor;
				CODE_SIGN_ENTITLEMENTS = macOS/macOS.entitlements;
				CODE_SIGN_STYLE = Automatic;
				COMBINE_HIDPI_IMAGES = YES;
				CURRENT_PROJECT_VERSION = 1;
				DEVELOPMENT_TEAM = HVGWYGL436;
				ENABLE_HARDENED_RUNTIME = YES;
				ENABLE_PREVIEWS = YES;
				GENERATE_INFOPLIST_FILE = YES;
				INFOPLIST_KEY_NSHumanReadableCopyright = "";
				LD_RUNPATH_SEARCH_PATHS = (
					"$(inherited)",
					"@executable_path/../Frameworks",
				);
				MACOSX_DEPLOYMENT_TARGET = 11.0;
				MARKETING_VERSION = 1.0;
				PRODUCT_BUNDLE_IDENTIFIER = "self.org.First-Project";
				PRODUCT_NAME = "First Project";
				SDKROOT = macosx;
				SWIFT_EMIT_LOC_STRINGS = YES;
				SWIFT_VERSION = 5.0;
			};
			name = Release;
		};
		765BF0D627208024007720D9 /* Debug */ = {
			isa = XCBuildConfiguration;
			buildSettings = {
				ALWAYS_EMBED_SWIFT_STANDARD_LIBRARIES = YES;
				CODE_SIGN_STYLE = Automatic;
				CURRENT_PROJECT_VERSION = 1;
				DEVELOPMENT_TEAM = HVGWYGL436;
				GENERATE_INFOPLIST_FILE = YES;
				IPHONEOS_DEPLOYMENT_TARGET = 15.0;
				LD_RUNPATH_SEARCH_PATHS = (
					"$(inherited)",
					"@executable_path/Frameworks",
					"@loader_path/Frameworks",
				);
				MARKETING_VERSION = 1.0;
				PRODUCT_BUNDLE_IDENTIFIER = "self.org.Tests-iOS";
				PRODUCT_NAME = "$(TARGET_NAME)";
				SDKROOT = iphoneos;
				SWIFT_EMIT_LOC_STRINGS = NO;
				SWIFT_VERSION = 5.0;
				TARGETED_DEVICE_FAMILY = "1,2";
				TEST_TARGET_NAME = "First Project (iOS)";
			};
			name = Debug;
		};
		765BF0D727208024007720D9 /* Release */ = {
			isa = XCBuildConfiguration;
			buildSettings = {
				ALWAYS_EMBED_SWIFT_STANDARD_LIBRARIES = YES;
				CODE_SIGN_STYLE = Automatic;
				CURRENT_PROJECT_VERSION = 1;
				DEVELOPMENT_TEAM = HVGWYGL436;
				GENERATE_INFOPLIST_FILE = YES;
				IPHONEOS_DEPLOYMENT_TARGET = 15.0;
				LD_RUNPATH_SEARCH_PATHS = (
					"$(inherited)",
					"@executable_path/Frameworks",
					"@loader_path/Frameworks",
				);
				MARKETING_VERSION = 1.0;
				PRODUCT_BUNDLE_IDENTIFIER = "self.org.Tests-iOS";
				PRODUCT_NAME = "$(TARGET_NAME)";
				SDKROOT = iphoneos;
				SWIFT_EMIT_LOC_STRINGS = NO;
				SWIFT_VERSION = 5.0;
				TARGETED_DEVICE_FAMILY = "1,2";
				TEST_TARGET_NAME = "First Project (iOS)";
				VALIDATE_PRODUCT = YES;
			};
			name = Release;
		};
		765BF0D927208024007720D9 /* Debug */ = {
			isa = XCBuildConfiguration;
			buildSettings = {
				ALWAYS_EMBED_SWIFT_STANDARD_LIBRARIES = YES;
				CODE_SIGN_STYLE = Automatic;
				COMBINE_HIDPI_IMAGES = YES;
				CURRENT_PROJECT_VERSION = 1;
				DEVELOPMENT_TEAM = HVGWYGL436;
				GENERATE_INFOPLIST_FILE = YES;
				LD_RUNPATH_SEARCH_PATHS = (
					"$(inherited)",
					"@executable_path/../Frameworks",
					"@loader_path/../Frameworks",
				);
				MACOSX_DEPLOYMENT_TARGET = 11.3;
				MARKETING_VERSION = 1.0;
				PRODUCT_BUNDLE_IDENTIFIER = "self.org.Tests-macOS";
				PRODUCT_NAME = "$(TARGET_NAME)";
				SDKROOT = macosx;
				SWIFT_EMIT_LOC_STRINGS = NO;
				SWIFT_VERSION = 5.0;
				TEST_TARGET_NAME = "First Project (macOS)";
			};
			name = Debug;
		};
		765BF0DA27208024007720D9 /* Release */ = {
			isa = XCBuildConfiguration;
			buildSettings = {
				ALWAYS_EMBED_SWIFT_STANDARD_LIBRARIES = YES;
				CODE_SIGN_STYLE = Automatic;
				COMBINE_HIDPI_IMAGES = YES;
				CURRENT_PROJECT_VERSION = 1;
				DEVELOPMENT_TEAM = HVGWYGL436;
				GENERATE_INFOPLIST_FILE = YES;
				LD_RUNPATH_SEARCH_PATHS = (
					"$(inherited)",
					"@executable_path/../Frameworks",
					"@loader_path/../Frameworks",
				);
				MACOSX_DEPLOYMENT_TARGET = 11.3;
				MARKETING_VERSION = 1.0;
				PRODUCT_BUNDLE_IDENTIFIER = "self.org.Tests-macOS";
				PRODUCT_NAME = "$(TARGET_NAME)";
				SDKROOT = macosx;
				SWIFT_EMIT_LOC_STRINGS = NO;
				SWIFT_VERSION = 5.0;
				TEST_TARGET_NAME = "First Project (macOS)";
			};
			name = Release;
		};
/* End XCBuildConfiguration section */

/* Begin XCConfigurationList section */
		765BF09D27208023007720D9 /* Build configuration list for PBXProject "First Project" */ = {
			isa = XCConfigurationList;
			buildConfigurations = (
				765BF0CD27208024007720D9 /* Debug */,
				765BF0CE27208024007720D9 /* Release */,
			);
			defaultConfigurationIsVisible = 0;
			defaultConfigurationName = Release;
		};
		765BF0CF27208024007720D9 /* Build configuration list for PBXNativeTarget "First Project (iOS)" */ = {
			isa = XCConfigurationList;
			buildConfigurations = (
				765BF0D027208024007720D9 /* Debug */,
				765BF0D127208024007720D9 /* Release */,
			);
			defaultConfigurationIsVisible = 0;
			defaultConfigurationName = Release;
		};
		765BF0D227208024007720D9 /* Build configuration list for PBXNativeTarget "First Project (macOS)" */ = {
			isa = XCConfigurationList;
			buildConfigurations = (
				765BF0D327208024007720D9 /* Debug */,
				765BF0D427208024007720D9 /* Release */,
			);
			defaultConfigurationIsVisible = 0;
			defaultConfigurationName = Release;
		};
		765BF0D527208024007720D9 /* Build configuration list for PBXNativeTarget "Tests iOS" */ = {
			isa = XCConfigurationList;
			buildConfigurations = (
				765BF0D627208024007720D9 /* Debug */,
				765BF0D727208024007720D9 /* Release */,
			);
			defaultConfigurationIsVisible = 0;
			defaultConfigurationName = Release;
		};
		765BF0D827208024007720D9 /* Build configuration list for PBXNativeTarget "Tests macOS" */ = {
			isa = XCConfigurationList;
			buildConfigurations = (
				765BF0D927208024007720D9 /* Debug */,
				765BF0DA27208024007720D9 /* Release */,
			);
			defaultConfigurationIsVisible = 0;
			defaultConfigurationName = Release;
		};
/* End XCConfigurationList section */
	};
	rootObject = 765BF09A27208023007720D9 /* Project object */;
}
